# This file is automatically @generated by Cargo.
# It is not intended for manual editing.
version = 3

[[package]]
name = "al_provider_adapter_playfab_spike"
version = "0.1.0"
dependencies = [
 "al_server_core",
]

[[package]]
name = "al_provider_adapter_stub"
version = "0.1.0"
dependencies = [
 "al_server_core",
]

[[package]]
name = "al_server_core"
version = "0.1.0"
